
Microsoft Visual Studio Solution File, Format Version 12.00
# Visual Studio Version 17
VisualStudioVersion = 17.11.35327.3
MinimumVisualStudioVersion = 10.0.40219.1
Project("{2150E333-8FDC-42A3-9474-1A3956D46DE8}") = "Task0", "Task0", "{151C4E93-1251-4254-932D-8094304D36B3}"
EndProject
Project("{9A19103F-16F7-4668-BE54-9A1E7A4F7556}") = "Tyuiu.KornevRM.Sprint4.Task0.V15", "Tyuiu.KornevRM.Sprint4.Task0.V15\Tyuiu.KornevRM.Sprint4.Task0.V15.csproj", "{3BFE7916-AEDF-401B-B2C2-E6DEBCC94983}"
EndProject
Project("{9A19103F-16F7-4668-BE54-9A1E7A4F7556}") = "Tyuiu.KornevRM.Sprint4.Task0.V15.Lib", "Tyuiu.KornevRM.Sprint4.Task0.V15.Lib\Tyuiu.KornevRM.Sprint4.Task0.V15.Lib.csproj", "{E9D3BE67-C85E-4C40-8B69-0FD89EEBA0D2}"
EndProject
Project("{9A19103F-16F7-4668-BE54-9A1E7A4F7556}") = "Tyuiu.KornevRM.Sprint4.Task0.V15.Test", "Tyuiu.KornevRM.Sprint4.Task0.V15.Test\Tyuiu.KornevRM.Sprint4.Task0.V15.Test.csproj", "{1EE01373-2480-46E5-AF69-0A6071FAE3E8}"
EndProject
Project("{2150E333-8FDC-42A3-9474-1A3956D46DE8}") = "Task1", "Task1", "{D68D4F96-1FAF-4094-8DC6-B7504F864BFB}"
EndProject
Project("{9A19103F-16F7-4668-BE54-9A1E7A4F7556}") = "Tyuiu.KornevRM.Sprint4.Task1.V3", "Tyuiu.KornevRM.Sprint4.Task1.V3\Tyuiu.KornevRM.Sprint4.Task1.V3.csproj", "{FFF00705-C806-4D1E-A4D7-7FB3AA8AD812}"
EndProject
Project("{9A19103F-16F7-4668-BE54-9A1E7A4F7556}") = "Tyuiu.KornevRM.Sprint4.Task1.V3.Lib", "Tyuiu.KornevRM.Sprint4.Task1.V3.Lib\Tyuiu.KornevRM.Sprint4.Task1.V3.Lib.csproj", "{9D8DDDDE-2B2C-40FE-BD75-54E479D158DB}"
EndProject
Project("{9A19103F-16F7-4668-BE54-9A1E7A4F7556}") = "Tyuiu.KornevRM.Sprint4.Task1.V3.Test", "Tyuiu.KornevRM.Sprint4.Task1.V3.Test\Tyuiu.KornevRM.Sprint4.Task1.V3.Test.csproj", "{41E4DD49-BBC8-4F6F-B281-3F967D28494F}"
EndProject
Project("{2150E333-8FDC-42A3-9474-1A3956D46DE8}") = "Task2", "Task2", "{9F41B7DE-94D0-486B-A8C0-F31FCE52C337}"
EndProject
Project("{9A19103F-16F7-4668-BE54-9A1E7A4F7556}") = "Tyuiu.KornevRM.Sprint4.Task2.V4", "Tyuiu.KornevRM.Sprint4.Task2.V4\Tyuiu.KornevRM.Sprint4.Task2.V4.csproj", "{CAA540CC-C3F1-469C-BC2F-C89129DB0576}"
EndProject
Project("{9A19103F-16F7-4668-BE54-9A1E7A4F7556}") = "Tyuiu.KornevRM.Sprint4.Task2.V4.Lib", "Tyuiu.KornevRM.Sprint4.Task2.V4.Lib\Tyuiu.KornevRM.Sprint4.Task2.V4.Lib.csproj", "{4AA628B9-C839-48DA-8FDC-B78EF5B91B33}"
EndProject
Project("{9A19103F-16F7-4668-BE54-9A1E7A4F7556}") = "Tyuiu.KornevRM.Sprint4.Task2.V4.Test", "Tyuiu.KornevRM.Sprint4.Task2.V4.Test\Tyuiu.KornevRM.Sprint4.Task2.V4.Test.csproj", "{EFB3AB94-C875-4248-8ABD-B3D4486B18C9}"
EndProject
Project("{2150E333-8FDC-42A3-9474-1A3956D46DE8}") = "Task3", "Task3", "{76EEA476-D638-436C-9966-1D9066B02223}"
EndProject
Project("{9A19103F-16F7-4668-BE54-9A1E7A4F7556}") = "Tyuiu.KornevRM.Sprint4.Task3.V18", "Tyuiu.KornevRM.Sprint4.Task3.V18\Tyuiu.KornevRM.Sprint4.Task3.V18.csproj", "{82DE36CD-BB27-401C-8AE5-573D09E8DDAA}"
EndProject
Project("{9A19103F-16F7-4668-BE54-9A1E7A4F7556}") = "Tyuiu.KornevRM.Sprint4.Task3.V18.Lib", "Tyuiu.KornevRM.Sprint4.Task3.V18.Lib\Tyuiu.KornevRM.Sprint4.Task3.V18.Lib.csproj", "{826C17BB-415A-4D2D-8CC2-1FE3368A5871}"
EndProject
Project("{9A19103F-16F7-4668-BE54-9A1E7A4F7556}") = "Tyuiu.KornevRM.Sprint4.Task3.V18.Test", "Tyuiu.KornevRM.Sprint4.Task3.V18.Test\Tyuiu.KornevRM.Sprint4.Task3.V18.Test.csproj", "{F387D5DE-D1EC-4A84-8EC5-FF11DB782548}"
EndProject
Project("{2150E333-8FDC-42A3-9474-1A3956D46DE8}") = "Task4", "Task4", "{25D98A4D-4CA6-4E1C-A7BC-726C66321320}"
EndProject
Project("{9A19103F-16F7-4668-BE54-9A1E7A4F7556}") = "Tyuiu.KornevRM.Sprint4.Task4.V2", "Tyuiu.KornevRM.Sprint4.Task4.V2\Tyuiu.KornevRM.Sprint4.Task4.V2.csproj", "{BBF6BE4E-D072-4A7B-9A59-6D3D81D1437D}"
EndProject
Project("{9A19103F-16F7-4668-BE54-9A1E7A4F7556}") = "Tyuiu.KornevRM.Sprint4.Task4.V2.Lib", "Tyuiu.KornevRM.Sprint4.Task4.V2.Lib\Tyuiu.KornevRM.Sprint4.Task4.V2.Lib.csproj", "{B1DE457D-3034-4C79-B087-6ADF33E3262C}"
EndProject
Project("{9A19103F-16F7-4668-BE54-9A1E7A4F7556}") = "Tyuiu.KornevRM.Sprint4.Task4.V2.Test", "Tyuiu.KornevRM.Sprint4.Task4.V2.Test\Tyuiu.KornevRM.Sprint4.Task4.V2.Test.csproj", "{3AB3E8DE-338C-44DF-A2D9-7D5AA4251BD9}"
EndProject
Project("{2150E333-8FDC-42A3-9474-1A3956D46DE8}") = "Task5", "Task5", "{9835FFE8-542F-4916-B9FB-2194B1FEE910}"
EndProject
Project("{9A19103F-16F7-4668-BE54-9A1E7A4F7556}") = "Tyuiu.KornevRM.Sprint4.Task5.V10", "Tyuiu.KornevRM.Sprint4.Task5.V10\Tyuiu.KornevRM.Sprint4.Task5.V10.csproj", "{03716787-1506-4943-BB8E-90FF2852DDB4}"
EndProject
Project("{9A19103F-16F7-4668-BE54-9A1E7A4F7556}") = "Tyuiu.KornevRM.Sprint4.Task5.V10.Lib", "Tyuiu.KornevRM.Sprint4.Task5.V10.Lib\Tyuiu.KornevRM.Sprint4.Task5.V10.Lib.csproj", "{16F2F274-42A2-491A-B29F-7A7F3BE11F5C}"
EndProject
Project("{9A19103F-16F7-4668-BE54-9A1E7A4F7556}") = "Tyuiu.KornevRM.Sprint4.Task5.V10.Test", "Tyuiu.KornevRM.Sprint4.Task5.V10.Test\Tyuiu.KornevRM.Sprint4.Task5.V10.Test.csproj", "{59C7DBFC-9C70-4A51-8C8D-764B33FA0B3D}"
EndProject
Project("{2150E333-8FDC-42A3-9474-1A3956D46DE8}") = "Task6", "Task6", "{D351D4DF-119F-4B72-AD43-5CB3DD1436EF}"
EndProject
Project("{FAE04EC0-301F-11D3-BF4B-00C04F79EFBC}") = "Tyuiu.KornevRM.Sprint4.Task6.V29", "Tyuiu.KornevRM.Sprint4.Task6.V29\Tyuiu.KornevRM.Sprint4.Task6.V29.csproj", "{E4EBE430-09FD-40AC-9C04-C3B4B7B787B5}"
EndProject
Project("{FAE04EC0-301F-11D3-BF4B-00C04F79EFBC}") = "Tyuiu.KornevRM.Sprint4.Task6.V29.Lib", "Tyuiu.KornevRM.Sprint4.Task6.V29.Lib\Tyuiu.KornevRM.Sprint4.Task6.V29.Lib.csproj", "{66CBE500-E044-4F57-96F2-564DD082BA85}"
EndProject
Project("{FAE04EC0-301F-11D3-BF4B-00C04F79EFBC}") = "Tyuiu.KornevRM.Sprint4.Task6.V29.Test", "Tyuiu.KornevRM.Sprint4.Task6.V29.Test\Tyuiu.KornevRM.Sprint4.Task6.V29.Test.csproj", "{D1AAC8ED-FEBB-4894-B2CB-0979D7565592}"
EndProject
Global
	GlobalSection(SolutionConfigurationPlatforms) = preSolution
		Debug|Any CPU = Debug|Any CPU
		Release|Any CPU = Release|Any CPU
	EndGlobalSection
	GlobalSection(ProjectConfigurationPlatforms) = postSolution
		{3BFE7916-AEDF-401B-B2C2-E6DEBCC94983}.Debug|Any CPU.ActiveCfg = Debug|Any CPU
		{3BFE7916-AEDF-401B-B2C2-E6DEBCC94983}.Debug|Any CPU.Build.0 = Debug|Any CPU
		{3BFE7916-AEDF-401B-B2C2-E6DEBCC94983}.Release|Any CPU.ActiveCfg = Release|Any CPU
		{3BFE7916-AEDF-401B-B2C2-E6DEBCC94983}.Release|Any CPU.Build.0 = Release|Any CPU
		{E9D3BE67-C85E-4C40-8B69-0FD89EEBA0D2}.Debug|Any CPU.ActiveCfg = Debug|Any CPU
		{E9D3BE67-C85E-4C40-8B69-0FD89EEBA0D2}.Debug|Any CPU.Build.0 = Debug|Any CPU
		{E9D3BE67-C85E-4C40-8B69-0FD89EEBA0D2}.Release|Any CPU.ActiveCfg = Release|Any CPU
		{E9D3BE67-C85E-4C40-8B69-0FD89EEBA0D2}.Release|Any CPU.Build.0 = Release|Any CPU
		{1EE01373-2480-46E5-AF69-0A6071FAE3E8}.Debug|Any CPU.ActiveCfg = Debug|Any CPU
		{1EE01373-2480-46E5-AF69-0A6071FAE3E8}.Debug|Any CPU.Build.0 = Debug|Any CPU
		{1EE01373-2480-46E5-AF69-0A6071FAE3E8}.Release|Any CPU.ActiveCfg = Release|Any CPU
		{1EE01373-2480-46E5-AF69-0A6071FAE3E8}.Release|Any CPU.Build.0 = Release|Any CPU
		{FFF00705-C806-4D1E-A4D7-7FB3AA8AD812}.Debug|Any CPU.ActiveCfg = Debug|Any CPU
		{FFF00705-C806-4D1E-A4D7-7FB3AA8AD812}.Debug|Any CPU.Build.0 = Debug|Any CPU
		{FFF00705-C806-4D1E-A4D7-7FB3AA8AD812}.Release|Any CPU.ActiveCfg = Release|Any CPU
		{FFF00705-C806-4D1E-A4D7-7FB3AA8AD812}.Release|Any CPU.Build.0 = Release|Any CPU
		{9D8DDDDE-2B2C-40FE-BD75-54E479D158DB}.Debug|Any CPU.ActiveCfg = Debug|Any CPU
		{9D8DDDDE-2B2C-40FE-BD75-54E479D158DB}.Debug|Any CPU.Build.0 = Debug|Any CPU
		{9D8DDDDE-2B2C-40FE-BD75-54E479D158DB}.Release|Any CPU.ActiveCfg = Release|Any CPU
		{9D8DDDDE-2B2C-40FE-BD75-54E479D158DB}.Release|Any CPU.Build.0 = Release|Any CPU
		{41E4DD49-BBC8-4F6F-B281-3F967D28494F}.Debug|Any CPU.ActiveCfg = Debug|Any CPU
		{41E4DD49-BBC8-4F6F-B281-3F967D28494F}.Debug|Any CPU.Build.0 = Debug|Any CPU
		{41E4DD49-BBC8-4F6F-B281-3F967D28494F}.Release|Any CPU.ActiveCfg = Release|Any CPU
		{41E4DD49-BBC8-4F6F-B281-3F967D28494F}.Release|Any CPU.Build.0 = Release|Any CPU
		{CAA540CC-C3F1-469C-BC2F-C89129DB0576}.Debug|Any CPU.ActiveCfg = Debug|Any CPU
		{CAA540CC-C3F1-469C-BC2F-C89129DB0576}.Debug|Any CPU.Build.0 = Debug|Any CPU
		{CAA540CC-C3F1-469C-BC2F-C89129DB0576}.Release|Any CPU.ActiveCfg = Release|Any CPU
		{CAA540CC-C3F1-469C-BC2F-C89129DB0576}.Release|Any CPU.Build.0 = Release|Any CPU
		{4AA628B9-C839-48DA-8FDC-B78EF5B91B33}.Debug|Any CPU.ActiveCfg = Debug|Any CPU
		{4AA628B9-C839-48DA-8FDC-B78EF5B91B33}.Debug|Any CPU.Build.0 = Debug|Any CPU
		{4AA628B9-C839-48DA-8FDC-B78EF5B91B33}.Release|Any CPU.ActiveCfg = Release|Any CPU
		{4AA628B9-C839-48DA-8FDC-B78EF5B91B33}.Release|Any CPU.Build.0 = Release|Any CPU
		{EFB3AB94-C875-4248-8ABD-B3D4486B18C9}.Debug|Any CPU.ActiveCfg = Debug|Any CPU
		{EFB3AB94-C875-4248-8ABD-B3D4486B18C9}.Debug|Any CPU.Build.0 = Debug|Any CPU
		{EFB3AB94-C875-4248-8ABD-B3D4486B18C9}.Release|Any CPU.ActiveCfg = Release|Any CPU
		{EFB3AB94-C875-4248-8ABD-B3D4486B18C9}.Release|Any CPU.Build.0 = Release|Any CPU
		{82DE36CD-BB27-401C-8AE5-573D09E8DDAA}.Debug|Any CPU.ActiveCfg = Debug|Any CPU
		{82DE36CD-BB27-401C-8AE5-573D09E8DDAA}.Debug|Any CPU.Build.0 = Debug|Any CPU
		{82DE36CD-BB27-401C-8AE5-573D09E8DDAA}.Release|Any CPU.ActiveCfg = Release|Any CPU
		{82DE36CD-BB27-401C-8AE5-573D09E8DDAA}.Release|Any CPU.Build.0 = Release|Any CPU
		{826C17BB-415A-4D2D-8CC2-1FE3368A5871}.Debug|Any CPU.ActiveCfg = Debug|Any CPU
		{826C17BB-415A-4D2D-8CC2-1FE3368A5871}.Debug|Any CPU.Build.0 = Debug|Any CPU
		{826C17BB-415A-4D2D-8CC2-1FE3368A5871}.Release|Any CPU.ActiveCfg = Release|Any CPU
		{826C17BB-415A-4D2D-8CC2-1FE3368A5871}.Release|Any CPU.Build.0 = Release|Any CPU
		{F387D5DE-D1EC-4A84-8EC5-FF11DB782548}.Debug|Any CPU.ActiveCfg = Debug|Any CPU
		{F387D5DE-D1EC-4A84-8EC5-FF11DB782548}.Debug|Any CPU.Build.0 = Debug|Any CPU
		{F387D5DE-D1EC-4A84-8EC5-FF11DB782548}.Release|Any CPU.ActiveCfg = Release|Any CPU
		{F387D5DE-D1EC-4A84-8EC5-FF11DB782548}.Release|Any CPU.Build.0 = Release|Any CPU
		{BBF6BE4E-D072-4A7B-9A59-6D3D81D1437D}.Debug|Any CPU.ActiveCfg = Debug|Any CPU
		{BBF6BE4E-D072-4A7B-9A59-6D3D81D1437D}.Debug|Any CPU.Build.0 = Debug|Any CPU
		{BBF6BE4E-D072-4A7B-9A59-6D3D81D1437D}.Release|Any CPU.ActiveCfg = Release|Any CPU
		{BBF6BE4E-D072-4A7B-9A59-6D3D81D1437D}.Release|Any CPU.Build.0 = Release|Any CPU
		{B1DE457D-3034-4C79-B087-6ADF33E3262C}.Debug|Any CPU.ActiveCfg = Debug|Any CPU
		{B1DE457D-3034-4C79-B087-6ADF33E3262C}.Debug|Any CPU.Build.0 = Debug|Any CPU
		{B1DE457D-3034-4C79-B087-6ADF33E3262C}.Release|Any CPU.ActiveCfg = Release|Any CPU
		{B1DE457D-3034-4C79-B087-6ADF33E3262C}.Release|Any CPU.Build.0 = Release|Any CPU
		{3AB3E8DE-338C-44DF-A2D9-7D5AA4251BD9}.Debug|Any CPU.ActiveCfg = Debug|Any CPU
		{3AB3E8DE-338C-44DF-A2D9-7D5AA4251BD9}.Debug|Any CPU.Build.0 = Debug|Any CPU
		{3AB3E8DE-338C-44DF-A2D9-7D5AA4251BD9}.Release|Any CPU.ActiveCfg = Release|Any CPU
		{3AB3E8DE-338C-44DF-A2D9-7D5AA4251BD9}.Release|Any CPU.Build.0 = Release|Any CPU
		{03716787-1506-4943-BB8E-90FF2852DDB4}.Debug|Any CPU.ActiveCfg = Debug|Any CPU
		{03716787-1506-4943-BB8E-90FF2852DDB4}.Debug|Any CPU.Build.0 = Debug|Any CPU
		{03716787-1506-4943-BB8E-90FF2852DDB4}.Release|Any CPU.ActiveCfg = Release|Any CPU
		{03716787-1506-4943-BB8E-90FF2852DDB4}.Release|Any CPU.Build.0 = Release|Any CPU
		{16F2F274-42A2-491A-B29F-7A7F3BE11F5C}.Debug|Any CPU.ActiveCfg = Debug|Any CPU
		{16F2F274-42A2-491A-B29F-7A7F3BE11F5C}.Debug|Any CPU.Build.0 = Debug|Any CPU
		{16F2F274-42A2-491A-B29F-7A7F3BE11F5C}.Release|Any CPU.ActiveCfg = Release|Any CPU
		{16F2F274-42A2-491A-B29F-7A7F3BE11F5C}.Release|Any CPU.Build.0 = Release|Any CPU
		{59C7DBFC-9C70-4A51-8C8D-764B33FA0B3D}.Debug|Any CPU.ActiveCfg = Debug|Any CPU
		{59C7DBFC-9C70-4A51-8C8D-764B33FA0B3D}.Debug|Any CPU.Build.0 = Debug|Any CPU
		{59C7DBFC-9C70-4A51-8C8D-764B33FA0B3D}.Release|Any CPU.ActiveCfg = Release|Any CPU
		{59C7DBFC-9C70-4A51-8C8D-764B33FA0B3D}.Release|Any CPU.Build.0 = Release|Any CPU
		{E4EBE430-09FD-40AC-9C04-C3B4B7B787B5}.Debug|Any CPU.ActiveCfg = Debug|Any CPU
		{E4EBE430-09FD-40AC-9C04-C3B4B7B787B5}.Debug|Any CPU.Build.0 = Debug|Any CPU
		{E4EBE430-09FD-40AC-9C04-C3B4B7B787B5}.Release|Any CPU.ActiveCfg = Release|Any CPU
		{E4EBE430-09FD-40AC-9C04-C3B4B7B787B5}.Release|Any CPU.Build.0 = Release|Any CPU
		{66CBE500-E044-4F57-96F2-564DD082BA85}.Debug|Any CPU.ActiveCfg = Debug|Any CPU
		{66CBE500-E044-4F57-96F2-564DD082BA85}.Debug|Any CPU.Build.0 = Debug|Any CPU
		{66CBE500-E044-4F57-96F2-564DD082BA85}.Release|Any CPU.ActiveCfg = Release|Any CPU
		{66CBE500-E044-4F57-96F2-564DD082BA85}.Release|Any CPU.Build.0 = Release|Any CPU
		{D1AAC8ED-FEBB-4894-B2CB-0979D7565592}.Debug|Any CPU.ActiveCfg = Debug|Any CPU
		{D1AAC8ED-FEBB-4894-B2CB-0979D7565592}.Debug|Any CPU.Build.0 = Debug|Any CPU
		{D1AAC8ED-FEBB-4894-B2CB-0979D7565592}.Release|Any CPU.ActiveCfg = Release|Any CPU
		{D1AAC8ED-FEBB-4894-B2CB-0979D7565592}.Release|Any CPU.Build.0 = Release|Any CPU
	EndGlobalSection
	GlobalSection(SolutionProperties) = preSolution
		HideSolutionNode = FALSE
	EndGlobalSection
	GlobalSection(NestedProjects) = preSolution
		{3BFE7916-AEDF-401B-B2C2-E6DEBCC94983} = {151C4E93-1251-4254-932D-8094304D36B3}
		{E9D3BE67-C85E-4C40-8B69-0FD89EEBA0D2} = {151C4E93-1251-4254-932D-8094304D36B3}
		{1EE01373-2480-46E5-AF69-0A6071FAE3E8} = {151C4E93-1251-4254-932D-8094304D36B3}
		{FFF00705-C806-4D1E-A4D7-7FB3AA8AD812} = {D68D4F96-1FAF-4094-8DC6-B7504F864BFB}
		{9D8DDDDE-2B2C-40FE-BD75-54E479D158DB} = {D68D4F96-1FAF-4094-8DC6-B7504F864BFB}
		{41E4DD49-BBC8-4F6F-B281-3F967D28494F} = {D68D4F96-1FAF-4094-8DC6-B7504F864BFB}
		{CAA540CC-C3F1-469C-BC2F-C89129DB0576} = {9F41B7DE-94D0-486B-A8C0-F31FCE52C337}
		{4AA628B9-C839-48DA-8FDC-B78EF5B91B33} = {9F41B7DE-94D0-486B-A8C0-F31FCE52C337}
		{EFB3AB94-C875-4248-8ABD-B3D4486B18C9} = {9F41B7DE-94D0-486B-A8C0-F31FCE52C337}
		{82DE36CD-BB27-401C-8AE5-573D09E8DDAA} = {76EEA476-D638-436C-9966-1D9066B02223}
		{826C17BB-415A-4D2D-8CC2-1FE3368A5871} = {76EEA476-D638-436C-9966-1D9066B02223}
		{F387D5DE-D1EC-4A84-8EC5-FF11DB782548} = {76EEA476-D638-436C-9966-1D9066B02223}
		{BBF6BE4E-D072-4A7B-9A59-6D3D81D1437D} = {25D98A4D-4CA6-4E1C-A7BC-726C66321320}
		{B1DE457D-3034-4C79-B087-6ADF33E3262C} = {25D98A4D-4CA6-4E1C-A7BC-726C66321320}
		{3AB3E8DE-338C-44DF-A2D9-7D5AA4251BD9} = {25D98A4D-4CA6-4E1C-A7BC-726C66321320}
		{03716787-1506-4943-BB8E-90FF2852DDB4} = {9835FFE8-542F-4916-B9FB-2194B1FEE910}
		{16F2F274-42A2-491A-B29F-7A7F3BE11F5C} = {9835FFE8-542F-4916-B9FB-2194B1FEE910}
		{59C7DBFC-9C70-4A51-8C8D-764B33FA0B3D} = {9835FFE8-542F-4916-B9FB-2194B1FEE910}
		{E4EBE430-09FD-40AC-9C04-C3B4B7B787B5} = {D351D4DF-119F-4B72-AD43-5CB3DD1436EF}
		{66CBE500-E044-4F57-96F2-564DD082BA85} = {D351D4DF-119F-4B72-AD43-5CB3DD1436EF}
		{D1AAC8ED-FEBB-4894-B2CB-0979D7565592} = {D351D4DF-119F-4B72-AD43-5CB3DD1436EF}
	EndGlobalSection
	GlobalSection(ExtensibilityGlobals) = postSolution
		SolutionGuid = {452CD21C-A62B-4CBC-985C-39E26B6DEFD2}
	EndGlobalSection
EndGlobal
